
Microsoft Visual Studio Solution File, Format Version 11.00
# Visual Studio 2010
Project("{FAE04EC0-301F-11D3-BF4B-00C04F79EFBC}") = "Assembly-CSharp", "Assembly-CSharp.csproj", "{f7e19bf2-d76a-693d-cabc-d07c3cceb8ae}"
EndProject
Project("{FAE04EC0-301F-11D3-BF4B-00C04F79EFBC}") = "Assembly-CSharp-Editor", "Assembly-CSharp-Editor.csproj", "{bd883912-8704-bfc0-242c-8c661fd54697}"
EndProject
Global
	GlobalSection(SolutionConfigurationPlatforms) = preSolution
		Debug|Any CPU = Debug|Any CPU
	EndGlobalSection
	GlobalSection(ProjectConfigurationPlatforms) = postSolution
		{f7e19bf2-d76a-693d-cabc-d07c3cceb8ae}.Debug|Any CPU.ActiveCfg = Debug|Any CPU
		{f7e19bf2-d76a-693d-cabc-d07c3cceb8ae}.Debug|Any CPU.Build.0 = Debug|Any CPU
		{bd883912-8704-bfc0-242c-8c661fd54697}.Debug|Any CPU.ActiveCfg = Debug|Any CPU
		{bd883912-8704-bfc0-242c-8c661fd54697}.Debug|Any CPU.Build.0 = Debug|Any CPU
	EndGlobalSection
	GlobalSection(SolutionProperties) = preSolution
		HideSolutionNode = FALSE
	EndGlobalSection
EndGlobal
